<?xml version="1.0" encoding="utf-8"?>
<Project ToolsVersion="4.0" xmlns="http://schemas.microsoft.com/developer/msbuild/2003">
  <ItemGroup>
    <Filter Include="GameFramework2D">
      <UniqueIdentifier>{9f3ec04a-fea0-44d8-a86e-629feec5b7b2}</UniqueIdentifier>
    </Filter>
    <Filter Include="WinMain">
      <UniqueIdentifier>{ce3a7470-9981-48e7-92f9-ebef140444f8}</UniqueIdentifier>
    </Filter>
    <Filter Include="MainGame">
      <UniqueIdentifier>{ce5b6d22-f989-4f22-81fd-803eae8974cd}</UniqueIdentifier>
    </Filter>
    <Filter Include="MainGame\GameNode">
      <UniqueIdentifier>{e20d0b3f-3940-445e-a65d-2ffe13bcc8b0}</UniqueIdentifier>
    </Filter>
    <Filter Include="GameFramework2D\유틸">
      <UniqueIdentifier>{af879b23-70ee-42d9-9d44-350faa3d6f52}</UniqueIdentifier>
    </Filter>
    <Filter Include="GameFramework2D\매니져">
      <UniqueIdentifier>{17f7c3ea-b2ec-4227-8115-b8ad353939d8}</UniqueIdentifier>
    </Filter>
    <Filter Include="GameFramework2D\이미지">
      <UniqueIdentifier>{d16fac69-192e-4230-a05f-483426615aba}</UniqueIdentifier>
    </Filter>
    <Filter Include="GameFramework2D\체력바">
      <UniqueIdentifier>{e74e1ead-ec5c-4cee-8e07-1bb1d9e82d25}</UniqueIdentifier>
    </Filter>
    <Filter Include="GameFramework2D\TXT데이터">
      <UniqueIdentifier>{6d45e399-4ec5-4473-a8e0-e11ffff190a3}</UniqueIdentifier>
    </Filter>
    <Filter Include="GameFramework2D\INI데이터">
      <UniqueIdentifier>{4eca172f-95c1-4943-9182-eef328c2ccf0}</UniqueIdentifier>
    </Filter>
    <Filter Include="GameFramework2D\로딩">
      <UniqueIdentifier>{86334c34-9e52-40cf-a969-9f5a54d0de7d}</UniqueIdentifier>
    </Filter>
    <Filter Include="MainGame\Scene">
      <UniqueIdentifier>{34f172e4-b58b-431d-ba84-69bf6765bd05}</UniqueIdentifier>
    </Filter>
    <Filter Include="MainGame\BaseClass">
      <UniqueIdentifier>{0784a5a7-55d3-46ee-80d8-92f5e58f3e08}</UniqueIdentifier>
    </Filter>
    <Filter Include="MainGame\PlayerClass">
      <UniqueIdentifier>{93bf41f7-7748-4d9c-82d7-0bc19d4ffced}</UniqueIdentifier>
    </Filter>
    <Filter Include="MainGame\Object">
      <UniqueIdentifier>{07987351-8aa8-4427-9150-777d444f99a0}</UniqueIdentifier>
    </Filter>
    <Filter Include="MainGame\Enemy">
      <UniqueIdentifier>{9435179f-b0f7-4ac4-8763-f35f8d691508}</UniqueIdentifier>
    </Filter>
    <Filter Include="MainGame\Item">
      <UniqueIdentifier>{b07516bb-433e-43ed-83df-1713ecebafe6}</UniqueIdentifier>
    </Filter>
    <Filter Include="MainGame\Essence">
      <UniqueIdentifier>{7f37feb1-970a-44bc-84b0-c4b087b6a0e8}</UniqueIdentifier>
    </Filter>
  </ItemGroup>
  <ItemGroup>
    <ClInclude Include="stdafx.h">
      <Filter>MainGame</Filter>
    </ClInclude>
    <ClInclude Include="commonMacroFunction.h">
      <Filter>GameFramework2D\유틸</Filter>
    </ClInclude>
    <ClInclude Include="gameNode.h">
      <Filter>MainGame\GameNode</Filter>
    </ClInclude>
    <ClInclude Include="mainGame.h">
      <Filter>MainGame</Filter>
    </ClInclude>
    <ClInclude Include="singletonBase.h">
      <Filter>GameFramework2D\매니져</Filter>
    </ClInclude>
    <ClInclude Include="keyManager.h">
      <Filter>GameFramework2D\매니져</Filter>
    </ClInclude>
    <ClInclude Include="randomFunction.h">
      <Filter>GameFramework2D\유틸</Filter>
    </ClInclude>
    <ClInclude Include="image.h">
      <Filter>GameFramework2D\이미지</Filter>
    </ClInclude>
    <ClInclude Include="imageManager.h">
      <Filter>GameFramework2D\매니져</Filter>
    </ClInclude>
    <ClInclude Include="util.h">
      <Filter>GameFramework2D\유틸</Filter>
    </ClInclude>
    <ClInclude Include="progressBar.h">
      <Filter>GameFramework2D\체력바</Filter>
    </ClInclude>
    <ClInclude Include="txtData.h">
      <Filter>GameFramework2D\TXT데이터</Filter>
    </ClInclude>
    <ClInclude Include="sceneManager.h">
      <Filter>GameFramework2D\매니져</Filter>
    </ClInclude>
    <ClInclude Include="loading.h">
      <Filter>GameFramework2D\로딩</Filter>
    </ClInclude>
    <ClInclude Include="iniData.h">
      <Filter>GameFramework2D\INI데이터</Filter>
    </ClInclude>
    <ClInclude Include="soundManager.h">
      <Filter>GameFramework2D\매니져</Filter>
    </ClInclude>
    <ClInclude Include="playerSkullBase.h">
      <Filter>MainGame\BaseClass</Filter>
    </ClInclude>
    <ClInclude Include="nomalSkull.h">
      <Filter>MainGame\PlayerClass</Filter>
    </ClInclude>
    <ClInclude Include="player.h">
      <Filter>MainGame\PlayerClass</Filter>
    </ClInclude>
    <ClInclude Include="LoadingScene.h">
      <Filter>MainGame\Scene</Filter>
    </ClInclude>
    <ClInclude Include="TitleScene.h">
      <Filter>MainGame\Scene</Filter>
    </ClInclude>
    <ClInclude Include="OpeningScene.h">
      <Filter>MainGame\Scene</Filter>
    </ClInclude>
    <ClInclude Include="TutorialScene_1.h">
      <Filter>MainGame\Scene</Filter>
    </ClInclude>
    <ClInclude Include="TutorialScene_2.h">
      <Filter>MainGame\Scene</Filter>
    </ClInclude>
    <ClInclude Include="TutorialScene_3.h">
      <Filter>MainGame\Scene</Filter>
    </ClInclude>
    <ClInclude Include="TutorialScene_4.h">
      <Filter>MainGame\Scene</Filter>
    </ClInclude>
    <ClInclude Include="TutorialScene_5.h">
      <Filter>MainGame\Scene</Filter>
    </ClInclude>
    <ClInclude Include="object.h">
      <Filter>MainGame\Object</Filter>
    </ClInclude>
    <ClInclude Include="potion.h">
      <Filter>MainGame\Object</Filter>
    </ClInclude>
    <ClInclude Include="chiefGuard.h">
      <Filter>MainGame\PlayerClass</Filter>
    </ClInclude>
    <ClInclude Include="Archer.h">
      <Filter>MainGame\Enemy</Filter>
    </ClInclude>
    <ClInclude Include="Gard.h">
      <Filter>MainGame\Enemy</Filter>
    </ClInclude>
    <ClInclude Include="GiantTree.h">
      <Filter>MainGame\Enemy</Filter>
    </ClInclude>
    <ClInclude Include="GreenTree.h">
      <Filter>MainGame\Enemy</Filter>
    </ClInclude>
    <ClInclude Include="Knight.h">
      <Filter>MainGame\Enemy</Filter>
    </ClInclude>
    <ClInclude Include="Mage.h">
      <Filter>MainGame\Enemy</Filter>
    </ClInclude>
    <ClInclude Include="Ogre.h">
      <Filter>MainGame\Enemy</Filter>
    </ClInclude>
    <ClInclude Include="Tree.h">
      <Filter>MainGame\Enemy</Filter>
    </ClInclude>
    <ClInclude Include="EnemyBase.h">
      <Filter>MainGame\BaseClass</Filter>
    </ClInclude>
    <ClInclude Include="flameDragon.h">
      <Filter>MainGame\Essence</Filter>
    </ClInclude>
    <ClInclude Include="naias.h">
      <Filter>MainGame\Essence</Filter>
    </ClInclude>
    <ClInclude Include="gunpowderSword.h">
      <Filter>MainGame\Item</Filter>
    </ClInclude>
    <ClInclude Include="hearthStone.h">
      <Filter>MainGame\Item</Filter>
    </ClInclude>
    <ClInclude Include="icarus.h">
      <Filter>MainGame\Item</Filter>
    </ClInclude>
    <ClInclude Include="kaleon.h">
      <Filter>MainGame\Item</Filter>
    </ClInclude>
    <ClInclude Include="madBerserker.h">
      <Filter>MainGame\Item</Filter>
    </ClInclude>
    <ClInclude Include="sylphid.h">
      <Filter>MainGame\Item</Filter>
    </ClInclude>
    <ClInclude Include="zagamon.h">
      <Filter>MainGame\Item</Filter>
    </ClInclude>
    <ClInclude Include="gate.h">
      <Filter>MainGame\Object</Filter>
    </ClInclude>
    <ClInclude Include="headReaper.h">
      <Filter>MainGame\Item</Filter>
    </ClInclude>
    <ClInclude Include="headDarkPaladin.h">
      <Filter>MainGame\Item</Filter>
    </ClInclude>
    <ClInclude Include="headHunter.h">
      <Filter>MainGame\Item</Filter>
    </ClInclude>
    <ClInclude Include="headNormalSkul.h">
      <Filter>MainGame\Item</Filter>
    </ClInclude>
    <ClInclude Include="userInt.h">
      <Filter>MainGame\PlayerClass</Filter>
    </ClInclude>
    <ClInclude Include="essenceBase.h">
      <Filter>MainGame\BaseClass</Filter>
    </ClInclude>
    <ClInclude Include="itemBase.h">
      <Filter>MainGame\BaseClass</Filter>
    </ClInclude>
    <ClInclude Include="ShopScene.h">
      <Filter>MainGame\Scene</Filter>
    </ClInclude>
    <ClInclude Include="ItemScene.h">
      <Filter>MainGame\Scene</Filter>
    </ClInclude>
    <ClInclude Include="SkullScene.h">
      <Filter>MainGame\Scene</Filter>
    </ClInclude>
    <ClInclude Include="FieldScene_1.h">
      <Filter>MainGame\Scene</Filter>
    </ClInclude>
    <ClInclude Include="FieldScene_2.h">
      <Filter>MainGame\Scene</Filter>
    </ClInclude>
    <ClInclude Include="Boss.h">
      <Filter>MainGame\Enemy</Filter>
    </ClInclude>
    <ClInclude Include="BossReadyScene.h">
      <Filter>MainGame\Scene</Filter>
    </ClInclude>
    <ClInclude Include="BossScene.h">
      <Filter>MainGame\Scene</Filter>
    </ClInclude>
    <ClInclude Include="hunter.h">
      <Filter>MainGame\PlayerClass</Filter>
    </ClInclude>
    <ClInclude Include="StartMapScene.h">
      <Filter>MainGame\Scene</Filter>
    </ClInclude>
  </ItemGroup>
  <ItemGroup>
    <ClCompile Include="winMain.cpp">
      <Filter>WinMain</Filter>
    </ClCompile>
    <ClCompile Include="stdafx.cpp">
      <Filter>WinMain</Filter>
    </ClCompile>
    <ClCompile Include="gameNode.cpp">
      <Filter>MainGame\GameNode</Filter>
    </ClCompile>
    <ClCompile Include="mainGame.cpp">
      <Filter>MainGame</Filter>
    </ClCompile>
    <ClCompile Include="keyManager.cpp">
      <Filter>GameFramework2D\매니져</Filter>
    </ClCompile>
    <ClCompile Include="randomFunction.cpp">
      <Filter>GameFramework2D\유틸</Filter>
    </ClCompile>
    <ClCompile Include="image.cpp">
      <Filter>GameFramework2D\이미지</Filter>
    </ClCompile>
    <ClCompile Include="imageManager.cpp">
      <Filter>GameFramework2D\매니져</Filter>
    </ClCompile>
    <ClCompile Include="util.cpp">
      <Filter>GameFramework2D\유틸</Filter>
    </ClCompile>
    <ClCompile Include="progressBar.cpp">
      <Filter>GameFramework2D\체력바</Filter>
    </ClCompile>
    <ClCompile Include="txtData.cpp">
      <Filter>GameFramework2D\TXT데이터</Filter>
    </ClCompile>
    <ClCompile Include="sceneManager.cpp">
      <Filter>GameFramework2D\매니져</Filter>
    </ClCompile>
    <ClCompile Include="loading.cpp">
      <Filter>GameFramework2D\로딩</Filter>
    </ClCompile>
    <ClCompile Include="iniData.cpp">
      <Filter>GameFramework2D\INI데이터</Filter>
    </ClCompile>
    <ClCompile Include="soundManager.cpp">
      <Filter>GameFramework2D\매니져</Filter>
    </ClCompile>
    <ClCompile Include="playerSkullBase.cpp">
      <Filter>MainGame\BaseClass</Filter>
    </ClCompile>
    <ClCompile Include="nomalSkull.cpp">
      <Filter>MainGame\PlayerClass</Filter>
    </ClCompile>
    <ClCompile Include="player.cpp">
      <Filter>MainGame\PlayerClass</Filter>
    </ClCompile>
    <ClCompile Include="LoadingScene.cpp">
      <Filter>MainGame\Scene</Filter>
    </ClCompile>
    <ClCompile Include="TitleScene.cpp">
      <Filter>MainGame\Scene</Filter>
    </ClCompile>
    <ClCompile Include="OpeningScene.cpp">
      <Filter>MainGame\Scene</Filter>
    </ClCompile>
    <ClCompile Include="TutorialScene_1.cpp">
      <Filter>MainGame\Scene</Filter>
    </ClCompile>
    <ClCompile Include="TutorialScene_2.cpp">
      <Filter>MainGame\Scene</Filter>
    </ClCompile>
    <ClCompile Include="TutorialScene_3.cpp">
      <Filter>MainGame\Scene</Filter>
    </ClCompile>
    <ClCompile Include="TutorialScene_4.cpp">
      <Filter>MainGame\Scene</Filter>
    </ClCompile>
    <ClCompile Include="TutorialScene_5.cpp">
      <Filter>MainGame\Scene</Filter>
    </ClCompile>
    <ClCompile Include="object.cpp">
      <Filter>MainGame\Object</Filter>
    </ClCompile>
    <ClCompile Include="potion.cpp">
      <Filter>MainGame\Object</Filter>
    </ClCompile>
    <ClCompile Include="chiefGuard.cpp">
      <Filter>MainGame\PlayerClass</Filter>
    </ClCompile>
    <ClCompile Include="Archer.cpp">
      <Filter>MainGame\Enemy</Filter>
    </ClCompile>
    <ClCompile Include="Gard.cpp">
      <Filter>MainGame\Enemy</Filter>
    </ClCompile>
    <ClCompile Include="GiantTree.cpp">
      <Filter>MainGame\Enemy</Filter>
    </ClCompile>
    <ClCompile Include="GreenTree.cpp">
      <Filter>MainGame\Enemy</Filter>
    </ClCompile>
    <ClCompile Include="Knight.cpp">
      <Filter>MainGame\Enemy</Filter>
    </ClCompile>
    <ClCompile Include="Mage.cpp">
      <Filter>MainGame\Enemy</Filter>
    </ClCompile>
    <ClCompile Include="Ogre.cpp">
      <Filter>MainGame\Enemy</Filter>
    </ClCompile>
    <ClCompile Include="Tree.cpp">
      <Filter>MainGame\Enemy</Filter>
    </ClCompile>
    <ClCompile Include="EnemyBase.cpp">
      <Filter>MainGame\BaseClass</Filter>
    </ClCompile>
    <ClCompile Include="flameDragon.cpp">
      <Filter>MainGame\Essence</Filter>
    </ClCompile>
    <ClCompile Include="naias.cpp">
      <Filter>MainGame\Essence</Filter>
    </ClCompile>
    <ClCompile Include="gunpowderSword.cpp">
      <Filter>MainGame\Item</Filter>
    </ClCompile>
    <ClCompile Include="hearthStone.cpp">
      <Filter>MainGame\Item</Filter>
    </ClCompile>
    <ClCompile Include="icarus.cpp">
      <Filter>MainGame\Item</Filter>
    </ClCompile>
    <ClCompile Include="kaleon.cpp">
      <Filter>MainGame\Item</Filter>
    </ClCompile>
    <ClCompile Include="madBerserker.cpp">
      <Filter>MainGame\Item</Filter>
    </ClCompile>
    <ClCompile Include="sylphid.cpp">
      <Filter>MainGame\Item</Filter>
    </ClCompile>
    <ClCompile Include="zagamon.cpp">
      <Filter>MainGame\Item</Filter>
    </ClCompile>
    <ClCompile Include="gate.cpp">
      <Filter>MainGame\Object</Filter>
    </ClCompile>
    <ClCompile Include="headHunter.cpp">
      <Filter>MainGame\Item</Filter>
    </ClCompile>
    <ClCompile Include="headNormalSkul.cpp">
      <Filter>MainGame\Item</Filter>
    </ClCompile>
    <ClCompile Include="headReaper.cpp">
      <Filter>MainGame\Item</Filter>
    </ClCompile>
    <ClCompile Include="headDarkPaladin.cpp">
      <Filter>MainGame\Item</Filter>
    </ClCompile>
    <ClCompile Include="userInt.cpp">
      <Filter>MainGame\PlayerClass</Filter>
    </ClCompile>
    <ClCompile Include="essenceBase.cpp">
      <Filter>MainGame\BaseClass</Filter>
    </ClCompile>
    <ClCompile Include="itemBase.cpp">
      <Filter>MainGame\BaseClass</Filter>
    </ClCompile>
    <ClCompile Include="ShopScene.cpp">
      <Filter>MainGame\Scene</Filter>
    </ClCompile>
    <ClCompile Include="ItemScene.cpp">
      <Filter>MainGame\Scene</Filter>
    </ClCompile>
    <ClCompile Include="SkullScene.cpp">
      <Filter>MainGame\Scene</Filter>
    </ClCompile>
    <ClCompile Include="FieldScene_1.cpp">
      <Filter>MainGame\Scene</Filter>
    </ClCompile>
    <ClCompile Include="FieldScene_2.cpp">
      <Filter>MainGame\Scene</Filter>
    </ClCompile>
    <ClCompile Include="Boss.cpp">
      <Filter>MainGame\Enemy</Filter>
    </ClCompile>
    <ClCompile Include="BossReadyScene.cpp">
      <Filter>MainGame\Scene</Filter>
    </ClCompile>
    <ClCompile Include="BossScene.cpp">
      <Filter>MainGame\Scene</Filter>
    </ClCompile>
    <ClCompile Include="hunter.cpp">
      <Filter>MainGame\PlayerClass</Filter>
    </ClCompile>
    <ClCompile Include="StartMapScene.cpp">
      <Filter>MainGame\Scene</Filter>
    </ClCompile>
  </ItemGroup>
</Project>